
Microsoft Visual Studio Solution File, Format Version 12.00
# Visual Studio Version 17
VisualStudioVersion = 17.3.32922.545
MinimumVisualStudioVersion = 10.0.40219.1
Project("{FAE04EC0-301F-11D3-BF4B-00C04F79EFBC}") = "EmailSender", "EmailSender\EmailSender.csproj", "{3685E979-AE74-4EED-990F-864A2AEFB6CC}"
EndProject
Global
	GlobalSection(SolutionConfigurationPlatforms) = preSolution
		Debug|Any CPU = Debug|Any CPU
		Release|Any CPU = Release|Any CPU
	EndGlobalSection
	GlobalSection(ProjectConfigurationPlatforms) = postSolution
		{3685E979-AE74-4EED-990F-864A2AEFB6CC}.Debug|Any CPU.ActiveCfg = Debug|Any CPU
		{3685E979-AE74-4EED-990F-864A2AEFB6CC}.Debug|Any CPU.Build.0 = Debug|Any CPU
		{3685E979-AE74-4EED-990F-864A2AEFB6CC}.Release|Any CPU.ActiveCfg = Release|Any CPU
		{3685E979-AE74-4EED-990F-864A2AEFB6CC}.Release|Any CPU.Build.0 = Release|Any CPU
	EndGlobalSection
	GlobalSection(SolutionProperties) = preSolution
		HideSolutionNode = FALSE
	EndGlobalSection
	GlobalSection(ExtensibilityGlobals) = postSolution
		SolutionGuid = {CEF34846-E3D2-441B-B23E-3AE7C8642CFE}
	EndGlobalSection
EndGlobal
